// !$*UTF8*$!
{
	archiveVersion = 1;
	classes = {
	};
	objectVersion = 46;
	objects = {

/* Begin PBXBuildFile section */
		0400F30E18B4ED4200E5FA6D /* Foundation.framework in Frameworks */ = {isa = PBXBuildFile; fileRef = 0400F30D18B4ED4200E5FA6D /* Foundation.framework */; };
		0400F31018B4ED4200E5FA6D /* CoreGraphics.framework in Frameworks */ = {isa = PBXBuildFile; fileRef = 0400F30F18B4ED4200E5FA6D /* CoreGraphics.framework */; };
		0400F31218B4ED4200E5FA6D /* UIKit.framework in Frameworks */ = {isa = PBXBuildFile; fileRef = 0400F31118B4ED4200E5FA6D /* UIKit.framework */; };
		0400F31818B4ED4200E5FA6D /* InfoPlist.strings in Resources */ = {isa = PBXBuildFile; fileRef = 0400F31618B4ED4200E5FA6D /* InfoPlist.strings */; };
		0400F31A18B4ED4200E5FA6D /* main.m in Sources */ = {isa = PBXBuildFile; fileRef = 0400F31918B4ED4200E5FA6D /* main.m */; };
		0400F31E18B4ED4200E5FA6D /* AppDelegate.m in Sources */ = {isa = PBXBuildFile; fileRef = 0400F31D18B4ED4200E5FA6D /* AppDelegate.m */; };
		0400F32118B4ED4200E5FA6D /* Main.storyboard in Resources */ = {isa = PBXBuildFile; fileRef = 0400F31F18B4ED4200E5FA6D /* Main.storyboard */; };
		0400F32418B4ED4200E5FA6D /* ViewController.m in Sources */ = {isa = PBXBuildFile; fileRef = 0400F32318B4ED4200E5FA6D /* ViewController.m */; };
		0400F32618B4ED4200E5FA6D /* Images.xcassets in Resources */ = {isa = PBXBuildFile; fileRef = 0400F32518B4ED4200E5FA6D /* Images.xcassets */; };
		0400F32D18B4ED4200E5FA6D /* XCTest.framework in Frameworks */ = {isa = PBXBuildFile; fileRef = 0400F32C18B4ED4200E5FA6D /* XCTest.framework */; };
		0400F32E18B4ED4200E5FA6D /* Foundation.framework in Frameworks */ = {isa = PBXBuildFile; fileRef = 0400F30D18B4ED4200E5FA6D /* Foundation.framework */; };
		0400F32F18B4ED4200E5FA6D /* UIKit.framework in Frameworks */ = {isa = PBXBuildFile; fileRef = 0400F31118B4ED4200E5FA6D /* UIKit.framework */; };
		0400F33718B4ED4200E5FA6D /* InfoPlist.strings in Resources */ = {isa = PBXBuildFile; fileRef = 0400F33518B4ED4200E5FA6D /* InfoPlist.strings */; };
		0400F33918B4ED4200E5FA6D /* Pixel_BikersTests.m in Sources */ = {isa = PBXBuildFile; fileRef = 0400F33818B4ED4200E5FA6D /* Pixel_BikersTests.m */; };
		0400F34618B4ED5000E5FA6D /* AGLKContext.m in Sources */ = {isa = PBXBuildFile; fileRef = 0400F34318B4ED5000E5FA6D /* AGLKContext.m */; };
		0400F34718B4ED5000E5FA6D /* AGLKVertexAttribArrayBuffer.m in Sources */ = {isa = PBXBuildFile; fileRef = 0400F34518B4ED5000E5FA6D /* AGLKVertexAttribArrayBuffer.m */; };
		043587BF18B610B9002CD67C /* biker.png in Resources */ = {isa = PBXBuildFile; fileRef = 043587BE18B610B9002CD67C /* biker.png */; };
		043587C218B612F7002CD67C /* Sprite.m in Sources */ = {isa = PBXBuildFile; fileRef = 043587C118B612F7002CD67C /* Sprite.m */; };
		043587C518B62D46002CD67C /* GLKit.framework in Frameworks */ = {isa = PBXBuildFile; fileRef = 043587C318B62D46002CD67C /* GLKit.framework */; };
		043587C618B62D46002CD67C /* OpenGLES.framework in Frameworks */ = {isa = PBXBuildFile; fileRef = 043587C418B62D46002CD67C /* OpenGLES.framework */; };
		043587C718B638B8002CD67C /* SpriteFShader.fsh in Resources */ = {isa = PBXBuildFile; fileRef = 043587BA18B60FA9002CD67C /* SpriteFShader.fsh */; };
		043587C818B638B8002CD67C /* SpriteVShader.vsh in Resources */ = {isa = PBXBuildFile; fileRef = 043587BB18B60FA9002CD67C /* SpriteVShader.vsh */; };
		0454B75418B690800094043F /* VertexManager.m in Sources */ = {isa = PBXBuildFile; fileRef = 0454B75318B690800094043F /* VertexManager.m */; };
		0454B75618B69FE90094043F /* bike3.png in Resources */ = {isa = PBXBuildFile; fileRef = 0454B75518B69FE90094043F /* bike3.png */; };
		0454B75818B6A0770094043F /* bike4.png in Resources */ = {isa = PBXBuildFile; fileRef = 0454B75718B6A0770094043F /* bike4.png */; };
		0458619818B801FF00EB01FD /* ShaderController.m in Sources */ = {isa = PBXBuildFile; fileRef = 0458619718B801FF00EB01FD /* ShaderController.m */; };
		0458619A18B80F8F00EB01FD /* TextureFShader.fsh in Sources */ = {isa = PBXBuildFile; fileRef = 0458619918B80F8F00EB01FD /* TextureFShader.fsh */; };
		0458619C18B80FAE00EB01FD /* TextureVShader.vsh in Sources */ = {isa = PBXBuildFile; fileRef = 0458619B18B80FAE00EB01FD /* TextureVShader.vsh */; };
		0458619D18B8177500EB01FD /* TextureFShader.fsh in Resources */ = {isa = PBXBuildFile; fileRef = 0458619918B80F8F00EB01FD /* TextureFShader.fsh */; };
		0458619E18B8177500EB01FD /* TextureVShader.vsh in Resources */ = {isa = PBXBuildFile; fileRef = 0458619B18B80FAE00EB01FD /* TextureVShader.vsh */; };
		04714D4718B78156004F95ED /* road1.png in Resources */ = {isa = PBXBuildFile; fileRef = 04714D4618B78156004F95ED /* road1.png */; };
/* End PBXBuildFile section */

/* Begin PBXContainerItemProxy section */
		0400F33018B4ED4200E5FA6D /* PBXContainerItemProxy */ = {
			isa = PBXContainerItemProxy;
			containerPortal = 0400F30218B4ED4200E5FA6D /* Project object */;
			proxyType = 1;
			remoteGlobalIDString = 0400F30918B4ED4200E5FA6D;
			remoteInfo = "Pixel Bikers";
		};
/* End PBXContainerItemProxy section */

/* Begin PBXFileReference section */
		0400F30A18B4ED4200E5FA6D /* Pixel Bikers.app */ = {isa = PBXFileReference; explicitFileType = wrapper.application; includeInIndex = 0; path = "Pixel Bikers.app"; sourceTree = BUILT_PRODUCTS_DIR; };
		0400F30D18B4ED4200E5FA6D /* Foundation.framework */ = {isa = PBXFileReference; lastKnownFileType = wrapper.framework; name = Foundation.framework; path = System/Library/Frameworks/Foundation.framework; sourceTree = SDKROOT; };
		0400F30F18B4ED4200E5FA6D /* CoreGraphics.framework */ = {isa = PBXFileReference; lastKnownFileType = wrapper.framework; name = CoreGraphics.framework; path = System/Library/Frameworks/CoreGraphics.framework; sourceTree = SDKROOT; };
		0400F31118B4ED4200E5FA6D /* UIKit.framework */ = {isa = PBXFileReference; lastKnownFileType = wrapper.framework; name = UIKit.framework; path = System/Library/Frameworks/UIKit.framework; sourceTree = SDKROOT; };
		0400F31518B4ED4200E5FA6D /* Pixel Bikers-Info.plist */ = {isa = PBXFileReference; lastKnownFileType = text.plist.xml; path = "Pixel Bikers-Info.plist"; sourceTree = "<group>"; };
		0400F31718B4ED4200E5FA6D /* en */ = {isa = PBXFileReference; lastKnownFileType = text.plist.strings; name = en; path = en.lproj/InfoPlist.strings; sourceTree = "<group>"; };
		0400F31918B4ED4200E5FA6D /* main.m */ = {isa = PBXFileReference; lastKnownFileType = sourcecode.c.objc; path = main.m; sourceTree = "<group>"; };
		0400F31B18B4ED4200E5FA6D /* Pixel Bikers-Prefix.pch */ = {isa = PBXFileReference; lastKnownFileType = sourcecode.c.h; path = "Pixel Bikers-Prefix.pch"; sourceTree = "<group>"; };
		0400F31C18B4ED4200E5FA6D /* AppDelegate.h */ = {isa = PBXFileReference; lastKnownFileType = sourcecode.c.h; path = AppDelegate.h; sourceTree = "<group>"; };
		0400F31D18B4ED4200E5FA6D /* AppDelegate.m */ = {isa = PBXFileReference; lastKnownFileType = sourcecode.c.objc; path = AppDelegate.m; sourceTree = "<group>"; };
		0400F32018B4ED4200E5FA6D /* Base */ = {isa = PBXFileReference; lastKnownFileType = file.storyboard; name = Base; path = Base.lproj/Main.storyboard; sourceTree = "<group>"; };
		0400F32218B4ED4200E5FA6D /* ViewController.h */ = {isa = PBXFileReference; lastKnownFileType = sourcecode.c.h; path = ViewController.h; sourceTree = "<group>"; };
		0400F32318B4ED4200E5FA6D /* ViewController.m */ = {isa = PBXFileReference; lastKnownFileType = sourcecode.c.objc; path = ViewController.m; sourceTree = "<group>"; };
		0400F32518B4ED4200E5FA6D /* Images.xcassets */ = {isa = PBXFileReference; lastKnownFileType = folder.assetcatalog; path = Images.xcassets; sourceTree = "<group>"; };
		0400F32B18B4ED4200E5FA6D /* Pixel BikersTests.xctest */ = {isa = PBXFileReference; explicitFileType = wrapper.cfbundle; includeInIndex = 0; path = "Pixel BikersTests.xctest"; sourceTree = BUILT_PRODUCTS_DIR; };
		0400F32C18B4ED4200E5FA6D /* XCTest.framework */ = {isa = PBXFileReference; lastKnownFileType = wrapper.framework; name = XCTest.framework; path = Library/Frameworks/XCTest.framework; sourceTree = DEVELOPER_DIR; };
		0400F33418B4ED4200E5FA6D /* Pixel BikersTests-Info.plist */ = {isa = PBXFileReference; lastKnownFileType = text.plist.xml; path = "Pixel BikersTests-Info.plist"; sourceTree = "<group>"; };
		0400F33618B4ED4200E5FA6D /* en */ = {isa = PBXFileReference; lastKnownFileType = text.plist.strings; name = en; path = en.lproj/InfoPlist.strings; sourceTree = "<group>"; };
		0400F33818B4ED4200E5FA6D /* Pixel_BikersTests.m */ = {isa = PBXFileReference; lastKnownFileType = sourcecode.c.objc; path = Pixel_BikersTests.m; sourceTree = "<group>"; };
		0400F34218B4ED5000E5FA6D /* AGLKContext.h */ = {isa = PBXFileReference; fileEncoding = 4; lastKnownFileType = sourcecode.c.h; path = AGLKContext.h; sourceTree = "<group>"; };
		0400F34318B4ED5000E5FA6D /* AGLKContext.m */ = {isa = PBXFileReference; fileEncoding = 4; lastKnownFileType = sourcecode.c.objc; path = AGLKContext.m; sourceTree = "<group>"; };
		0400F34418B4ED5000E5FA6D /* AGLKVertexAttribArrayBuffer.h */ = {isa = PBXFileReference; fileEncoding = 4; lastKnownFileType = sourcecode.c.h; path = AGLKVertexAttribArrayBuffer.h; sourceTree = "<group>"; };
		0400F34518B4ED5000E5FA6D /* AGLKVertexAttribArrayBuffer.m */ = {isa = PBXFileReference; fileEncoding = 4; lastKnownFileType = sourcecode.c.objc; path = AGLKVertexAttribArrayBuffer.m; sourceTree = "<group>"; };
		043587BA18B60FA9002CD67C /* SpriteFShader.fsh */ = {isa = PBXFileReference; fileEncoding = 4; lastKnownFileType = sourcecode.glsl; path = SpriteFShader.fsh; sourceTree = "<group>"; };
		043587BB18B60FA9002CD67C /* SpriteVShader.vsh */ = {isa = PBXFileReference; fileEncoding = 4; lastKnownFileType = sourcecode.glsl; path = SpriteVShader.vsh; sourceTree = "<group>"; };
		043587BE18B610B9002CD67C /* biker.png */ = {isa = PBXFileReference; lastKnownFileType = image.png; path = biker.png; sourceTree = "<group>"; };
		043587C018B612F7002CD67C /* Sprite.h */ = {isa = PBXFileReference; fileEncoding = 4; lastKnownFileType = sourcecode.c.h; path = Sprite.h; sourceTree = "<group>"; };
		043587C118B612F7002CD67C /* Sprite.m */ = {isa = PBXFileReference; fileEncoding = 4; lastKnownFileType = sourcecode.c.objc; path = Sprite.m; sourceTree = "<group>"; };
		043587C318B62D46002CD67C /* GLKit.framework */ = {isa = PBXFileReference; lastKnownFileType = wrapper.framework; name = GLKit.framework; path = System/Library/Frameworks/GLKit.framework; sourceTree = SDKROOT; };
		043587C418B62D46002CD67C /* OpenGLES.framework */ = {isa = PBXFileReference; lastKnownFileType = wrapper.framework; name = OpenGLES.framework; path = System/Library/Frameworks/OpenGLES.framework; sourceTree = SDKROOT; };
		0454B75218B690800094043F /* VertexManager.h */ = {isa = PBXFileReference; fileEncoding = 4; lastKnownFileType = sourcecode.c.h; path = VertexManager.h; sourceTree = "<group>"; };
		0454B75318B690800094043F /* VertexManager.m */ = {isa = PBXFileReference; fileEncoding = 4; lastKnownFileType = sourcecode.c.objc; path = VertexManager.m; sourceTree = "<group>"; };
		0454B75518B69FE90094043F /* bike3.png */ = {isa = PBXFileReference; lastKnownFileType = image.png; path = bike3.png; sourceTree = "<group>"; };
		0454B75718B6A0770094043F /* bike4.png */ = {isa = PBXFileReference; lastKnownFileType = image.png; path = bike4.png; sourceTree = "<group>"; };
		0458619618B801FF00EB01FD /* ShaderController.h */ = {isa = PBXFileReference; fileEncoding = 4; lastKnownFileType = sourcecode.c.h; path = ShaderController.h; sourceTree = "<group>"; };
		0458619718B801FF00EB01FD /* ShaderController.m */ = {isa = PBXFileReference; fileEncoding = 4; lastKnownFileType = sourcecode.c.objc; path = ShaderController.m; sourceTree = "<group>"; };
		0458619918B80F8F00EB01FD /* TextureFShader.fsh */ = {isa = PBXFileReference; fileEncoding = 4; lastKnownFileType = sourcecode.glsl; path = TextureFShader.fsh; sourceTree = "<group>"; };
		0458619B18B80FAE00EB01FD /* TextureVShader.vsh */ = {isa = PBXFileReference; fileEncoding = 4; lastKnownFileType = sourcecode.glsl; path = TextureVShader.vsh; sourceTree = "<group>"; };
		04714D4618B78156004F95ED /* road1.png */ = {isa = PBXFileReference; lastKnownFileType = image.png; path = road1.png; sourceTree = "<group>"; };
/* End PBXFileReference section */

/* Begin PBXFrameworksBuildPhase section */
		0400F30718B4ED4200E5FA6D /* Frameworks */ = {
			isa = PBXFrameworksBuildPhase;
			buildActionMask = 2147483647;
			files = (
				043587C518B62D46002CD67C /* GLKit.framework in Frameworks */,
				043587C618B62D46002CD67C /* OpenGLES.framework in Frameworks */,
				0400F31018B4ED4200E5FA6D /* CoreGraphics.framework in Frameworks */,
				0400F31218B4ED4200E5FA6D /* UIKit.framework in Frameworks */,
				0400F30E18B4ED4200E5FA6D /* Foundation.framework in Frameworks */,
			);
			runOnlyForDeploymentPostprocessing = 0;
		};
		0400F32818B4ED4200E5FA6D /* Frameworks */ = {
			isa = PBXFrameworksBuildPhase;
			buildActionMask = 2147483647;
			files = (
				0400F32D18B4ED4200E5FA6D /* XCTest.framework in Frameworks */,
				0400F32F18B4ED4200E5FA6D /* UIKit.framework in Frameworks */,
				0400F32E18B4ED4200E5FA6D /* Foundation.framework in Frameworks */,
			);
			runOnlyForDeploymentPostprocessing = 0;
		};
/* End PBXFrameworksBuildPhase section */

/* Begin PBXGroup section */
		0400F30118B4ED4200E5FA6D = {
			isa = PBXGroup;
			children = (
				0400F31318B4ED4200E5FA6D /* Pixel Bikers */,
				0400F33218B4ED4200E5FA6D /* Pixel BikersTests */,
				0400F30C18B4ED4200E5FA6D /* Frameworks */,
				0400F30B18B4ED4200E5FA6D /* Products */,
			);
			sourceTree = "<group>";
		};
		0400F30B18B4ED4200E5FA6D /* Products */ = {
			isa = PBXGroup;
			children = (
				0400F30A18B4ED4200E5FA6D /* Pixel Bikers.app */,
				0400F32B18B4ED4200E5FA6D /* Pixel BikersTests.xctest */,
			);
			name = Products;
			sourceTree = "<group>";
		};
		0400F30C18B4ED4200E5FA6D /* Frameworks */ = {
			isa = PBXGroup;
			children = (
				043587C318B62D46002CD67C /* GLKit.framework */,
				043587C418B62D46002CD67C /* OpenGLES.framework */,
				0400F30D18B4ED4200E5FA6D /* Foundation.framework */,
				0400F30F18B4ED4200E5FA6D /* CoreGraphics.framework */,
				0400F31118B4ED4200E5FA6D /* UIKit.framework */,
				0400F32C18B4ED4200E5FA6D /* XCTest.framework */,
			);
			name = Frameworks;
			sourceTree = "<group>";
		};
		0400F31318B4ED4200E5FA6D /* Pixel Bikers */ = {
			isa = PBXGroup;
			children = (
				0400F34218B4ED5000E5FA6D /* AGLKContext.h */,
				0400F34318B4ED5000E5FA6D /* AGLKContext.m */,
				0400F34418B4ED5000E5FA6D /* AGLKVertexAttribArrayBuffer.h */,
				0400F34518B4ED5000E5FA6D /* AGLKVertexAttribArrayBuffer.m */,
				0400F31C18B4ED4200E5FA6D /* AppDelegate.h */,
				0400F31D18B4ED4200E5FA6D /* AppDelegate.m */,
				0400F32218B4ED4200E5FA6D /* ViewController.h */,
				0400F32318B4ED4200E5FA6D /* ViewController.m */,
				043587C018B612F7002CD67C /* Sprite.h */,
				043587C118B612F7002CD67C /* Sprite.m */,
				0458619618B801FF00EB01FD /* ShaderController.h */,
				0458619718B801FF00EB01FD /* ShaderController.m */,
				043587BA18B60FA9002CD67C /* SpriteFShader.fsh */,
				043587BB18B60FA9002CD67C /* SpriteVShader.vsh */,
				0458619918B80F8F00EB01FD /* TextureFShader.fsh */,
				0458619B18B80FAE00EB01FD /* TextureVShader.vsh */,
				0400F31F18B4ED4200E5FA6D /* Main.storyboard */,
				0400F32518B4ED4200E5FA6D /* Images.xcassets */,
				04714D4618B78156004F95ED /* road1.png */,
				043587BE18B610B9002CD67C /* biker.png */,
				0454B75518B69FE90094043F /* bike3.png */,
				0454B75718B6A0770094043F /* bike4.png */,
				0454B75218B690800094043F /* VertexManager.h */,
				0454B75318B690800094043F /* VertexManager.m */,
				0400F31418B4ED4200E5FA6D /* Supporting Files */,
			);
			path = "Pixel Bikers";
			sourceTree = "<group>";
		};
		0400F31418B4ED4200E5FA6D /* Supporting Files */ = {
			isa = PBXGroup;
			children = (
				0400F31518B4ED4200E5FA6D /* Pixel Bikers-Info.plist */,
				0400F31618B4ED4200E5FA6D /* InfoPlist.strings */,
				0400F31918B4ED4200E5FA6D /* main.m */,
				0400F31B18B4ED4200E5FA6D /* Pixel Bikers-Prefix.pch */,
			);
			name = "Supporting Files";
			sourceTree = "<group>";
		};
		0400F33218B4ED4200E5FA6D /* Pixel BikersTests */ = {
			isa = PBXGroup;
			children = (
				0400F33818B4ED4200E5FA6D /* Pixel_BikersTests.m */,
				0400F33318B4ED4200E5FA6D /* Supporting Files */,
			);
			path = "Pixel BikersTests";
			sourceTree = "<group>";
		};
		0400F33318B4ED4200E5FA6D /* Supporting Files */ = {
			isa = PBXGroup;
			children = (
				0400F33418B4ED4200E5FA6D /* Pixel BikersTests-Info.plist */,
				0400F33518B4ED4200E5FA6D /* InfoPlist.strings */,
			);
			name = "Supporting Files";
			sourceTree = "<group>";
		};
/* End PBXGroup section */

/* Begin PBXNativeTarget section */
		0400F30918B4ED4200E5FA6D /* Pixel Bikers */ = {
			isa = PBXNativeTarget;
			buildConfigurationList = 0400F33C18B4ED4200E5FA6D /* Build configuration list for PBXNativeTarget "Pixel Bikers" */;
			buildPhases = (
				0400F30618B4ED4200E5FA6D /* Sources */,
				0400F30718B4ED4200E5FA6D /* Frameworks */,
				0400F30818B4ED4200E5FA6D /* Resources */,
			);
			buildRules = (
			);
			dependencies = (
			);
			name = "Pixel Bikers";
			productName = "Pixel Bikers";
			productReference = 0400F30A18B4ED4200E5FA6D /* Pixel Bikers.app */;
			productType = "com.apple.product-type.application";
		};
		0400F32A18B4ED4200E5FA6D /* Pixel BikersTests */ = {
			isa = PBXNativeTarget;
			buildConfigurationList = 0400F33F18B4ED4200E5FA6D /* Build configuration list for PBXNativeTarget "Pixel BikersTests" */;
			buildPhases = (
				0400F32718B4ED4200E5FA6D /* Sources */,
				0400F32818B4ED4200E5FA6D /* Frameworks */,
				0400F32918B4ED4200E5FA6D /* Resources */,
			);
			buildRules = (
			);
			dependencies = (
				0400F33118B4ED4200E5FA6D /* PBXTargetDependency */,
			);
			name = "Pixel BikersTests";
			productName = "Pixel BikersTests";
			productReference = 0400F32B18B4ED4200E5FA6D /* Pixel BikersTests.xctest */;
			productType = "com.apple.product-type.bundle.unit-test";
		};
/* End PBXNativeTarget section */

/* Begin PBXProject section */
		0400F30218B4ED4200E5FA6D /* Project object */ = {
			isa = PBXProject;
			attributes = {
				LastUpgradeCheck = 0500;
				ORGANIZATIONNAME = "Wojciech Granicki";
				TargetAttributes = {
					0400F32A18B4ED4200E5FA6D = {
						TestTargetID = 0400F30918B4ED4200E5FA6D;
					};
				};
			};
			buildConfigurationList = 0400F30518B4ED4200E5FA6D /* Build configuration list for PBXProject "Pixel Bikers" */;
			compatibilityVersion = "Xcode 3.2";
			developmentRegion = English;
			hasScannedForEncodings = 0;
			knownRegions = (
				en,
				Base,
			);
			mainGroup = 0400F30118B4ED4200E5FA6D;
			productRefGroup = 0400F30B18B4ED4200E5FA6D /* Products */;
			projectDirPath = "";
			projectRoot = "";
			targets = (
				0400F30918B4ED4200E5FA6D /* Pixel Bikers */,
				0400F32A18B4ED4200E5FA6D /* Pixel BikersTests */,
			);
		};
/* End PBXProject section */

/* Begin PBXResourcesBuildPhase section */
		0400F30818B4ED4200E5FA6D /* Resources */ = {
			isa = PBXResourcesBuildPhase;
			buildActionMask = 2147483647;
			files = (
				0458619D18B8177500EB01FD /* TextureFShader.fsh in Resources */,
				0458619E18B8177500EB01FD /* TextureVShader.vsh in Resources */,
				043587C718B638B8002CD67C /* SpriteFShader.fsh in Resources */,
				043587C818B638B8002CD67C /* SpriteVShader.vsh in Resources */,
				043587BF18B610B9002CD67C /* biker.png in Resources */,
				04714D4718B78156004F95ED /* road1.png in Resources */,
				0454B75818B6A0770094043F /* bike4.png in Resources */,
				0400F32618B4ED4200E5FA6D /* Images.xcassets in Resources */,
				0400F31818B4ED4200E5FA6D /* InfoPlist.strings in Resources */,
				0400F32118B4ED4200E5FA6D /* Main.storyboard in Resources */,
				0454B75618B69FE90094043F /* bike3.png in Resources */,
			);
			runOnlyForDeploymentPostprocessing = 0;
		};
		0400F32918B4ED4200E5FA6D /* Resources */ = {
			isa = PBXResourcesBuildPhase;
			buildActionMask = 2147483647;
			files = (
				0400F33718B4ED4200E5FA6D /* InfoPlist.strings in Resources */,
			);
			runOnlyForDeploymentPostprocessing = 0;
		};
/* End PBXResourcesBuildPhase section */

/* Begin PBXSourcesBuildPhase section */
		0400F30618B4ED4200E5FA6D /* Sources */ = {
			isa = PBXSourcesBuildPhase;
			buildActionMask = 2147483647;
			files = (
				0458619818B801FF00EB01FD /* ShaderController.m in Sources */,
				0400F34618B4ED5000E5FA6D /* AGLKContext.m in Sources */,
				0400F32418B4ED4200E5FA6D /* ViewController.m in Sources */,
				043587C218B612F7002CD67C /* Sprite.m in Sources */,
				0458619A18B80F8F00EB01FD /* TextureFShader.fsh in Sources */,
				0458619C18B80FAE00EB01FD /* TextureVShader.vsh in Sources */,
				0400F34718B4ED5000E5FA6D /* AGLKVertexAttribArrayBuffer.m in Sources */,
				0400F31E18B4ED4200E5FA6D /* AppDelegate.m in Sources */,
				0400F31A18B4ED4200E5FA6D /* main.m in Sources */,
				0454B75418B690800094043F /* VertexManager.m in Sources */,
			);
			runOnlyForDeploymentPostprocessing = 0;
		};
		0400F32718B4ED4200E5FA6D /* Sources */ = {
			isa = PBXSourcesBuildPhase;
			buildActionMask = 2147483647;
			files = (
				0400F33918B4ED4200E5FA6D /* Pixel_BikersTests.m in Sources */,
			);
			runOnlyForDeploymentPostprocessing = 0;
		};
/* End PBXSourcesBuildPhase section */

/* Begin PBXTargetDependency section */
		0400F33118B4ED4200E5FA6D /* PBXTargetDependency */ = {
			isa = PBXTargetDependency;
			target = 0400F30918B4ED4200E5FA6D /* Pixel Bikers */;
			targetProxy = 0400F33018B4ED4200E5FA6D /* PBXContainerItemProxy */;
		};
/* End PBXTargetDependency section */

/* Begin PBXVariantGroup section */
		0400F31618B4ED4200E5FA6D /* InfoPlist.strings */ = {
			isa = PBXVariantGroup;
			children = (
				0400F31718B4ED4200E5FA6D /* en */,
			);
			name = InfoPlist.strings;
			sourceTree = "<group>";
		};
		0400F31F18B4ED4200E5FA6D /* Main.storyboard */ = {
			isa = PBXVariantGroup;
			children = (
				0400F32018B4ED4200E5FA6D /* Base */,
			);
			name = Main.storyboard;
			sourceTree = "<group>";
		};
		0400F33518B4ED4200E5FA6D /* InfoPlist.strings */ = {
			isa = PBXVariantGroup;
			children = (
				0400F33618B4ED4200E5FA6D /* en */,
			);
			name = InfoPlist.strings;
			sourceTree = "<group>";
		};
/* End PBXVariantGroup section */

/* Begin XCBuildConfiguration section */
		0400F33A18B4ED4200E5FA6D /* Debug */ = {
			isa = XCBuildConfiguration;
			buildSettings = {
				ALWAYS_SEARCH_USER_PATHS = NO;
				ARCHS = "$(ARCHS_STANDARD_INCLUDING_64_BIT)";
				CLANG_CXX_LANGUAGE_STANDARD = "gnu++0x";
				CLANG_CXX_LIBRARY = "libc++";
				CLANG_ENABLE_MODULES = YES;
				CLANG_ENABLE_OBJC_ARC = YES;
				CLANG_WARN_BOOL_CONVERSION = YES;
				CLANG_WARN_CONSTANT_CONVERSION = YES;
				CLANG_WARN_DIRECT_OBJC_ISA_USAGE = YES_ERROR;
				CLANG_WARN_EMPTY_BODY = YES;
				CLANG_WARN_ENUM_CONVERSION = YES;
				CLANG_WARN_INT_CONVERSION = YES;
				CLANG_WARN_OBJC_ROOT_CLASS = YES_ERROR;
				CLANG_WARN__DUPLICATE_METHOD_MATCH = YES;
				"CODE_SIGN_IDENTITY[sdk=iphoneos*]" = "iPhone Developer";
				COPY_PHASE_STRIP = NO;
				GCC_C_LANGUAGE_STANDARD = gnu99;
				GCC_DYNAMIC_NO_PIC = NO;
				GCC_OPTIMIZATION_LEVEL = 0;
				GCC_PREPROCESSOR_DEFINITIONS = (
					"DEBUG=1",
					"$(inherited)",
				);
				GCC_SYMBOLS_PRIVATE_EXTERN = NO;
				GCC_WARN_64_TO_32_BIT_CONVERSION = YES;
				GCC_WARN_ABOUT_RETURN_TYPE = YES_ERROR;
				GCC_WARN_UNDECLARED_SELECTOR = YES;
				GCC_WARN_UNINITIALIZED_AUTOS = YES;
				GCC_WARN_UNUSED_FUNCTION = YES;
				GCC_WARN_UNUSED_VARIABLE = YES;
				IPHONEOS_DEPLOYMENT_TARGET = 7.0;
				ONLY_ACTIVE_ARCH = YES;
				SDKROOT = iphoneos;
			};
			name = Debug;
		};
		0400F33B18B4ED4200E5FA6D /* Release */ = {
			isa = XCBuildConfiguration;
			buildSettings = {
				ALWAYS_SEARCH_USER_PATHS = NO;
				ARCHS = "$(ARCHS_STANDARD_INCLUDING_64_BIT)";
				CLANG_CXX_LANGUAGE_STANDARD = "gnu++0x";
				CLANG_CXX_LIBRARY = "libc++";
				CLANG_ENABLE_MODULES = YES;
				CLANG_ENABLE_OBJC_ARC = YES;
				CLANG_WARN_BOOL_CONVERSION = YES;
				CLANG_WARN_CONSTANT_CONVERSION = YES;
				CLANG_WARN_DIRECT_OBJC_ISA_USAGE = YES_ERROR;
				CLANG_WARN_EMPTY_BODY = YES;
				CLANG_WARN_ENUM_CONVERSION = YES;
				CLANG_WARN_INT_CONVERSION = YES;
				CLANG_WARN_OBJC_ROOT_CLASS = YES_ERROR;
				CLANG_WARN__DUPLICATE_METHOD_MATCH = YES;
				"CODE_SIGN_IDENTITY[sdk=iphoneos*]" = "iPhone Developer";
				COPY_PHASE_STRIP = YES;
				ENABLE_NS_ASSERTIONS = NO;
				GCC_C_LANGUAGE_STANDARD = gnu99;
				GCC_WARN_64_TO_32_BIT_CONVERSION = YES;
				GCC_WARN_ABOUT_RETURN_TYPE = YES_ERROR;
				GCC_WARN_UNDECLARED_SELECTOR = YES;
				GCC_WARN_UNINITIALIZED_AUTOS = YES;
				GCC_WARN_UNUSED_FUNCTION = YES;
				GCC_WARN_UNUSED_VARIABLE = YES;
				IPHONEOS_DEPLOYMENT_TARGET = 7.0;
				SDKROOT = iphoneos;
				VALIDATE_PRODUCT = YES;
			};
			name = Release;
		};
		0400F33D18B4ED4200E5FA6D /* Debug */ = {
			isa = XCBuildConfiguration;
			buildSettings = {
				ASSETCATALOG_COMPILER_APPICON_NAME = AppIcon;
				ASSETCATALOG_COMPILER_LAUNCHIMAGE_NAME = LaunchImage;
				GCC_PRECOMPILE_PREFIX_HEADER = YES;
				GCC_PREFIX_HEADER = "Pixel Bikers/Pixel Bikers-Prefix.pch";
				INFOPLIST_FILE = "Pixel Bikers/Pixel Bikers-Info.plist";
				PRODUCT_NAME = "$(TARGET_NAME)";
				WRAPPER_EXTENSION = app;
			};
			name = Debug;
		};
		0400F33E18B4ED4200E5FA6D /* Release */ = {
			isa = XCBuildConfiguration;
			buildSettings = {
				ASSETCATALOG_COMPILER_APPICON_NAME = AppIcon;
				ASSETCATALOG_COMPILER_LAUNCHIMAGE_NAME = LaunchImage;
				GCC_PRECOMPILE_PREFIX_HEADER = YES;
				GCC_PREFIX_HEADER = "Pixel Bikers/Pixel Bikers-Prefix.pch";
				INFOPLIST_FILE = "Pixel Bikers/Pixel Bikers-Info.plist";
				PRODUCT_NAME = "$(TARGET_NAME)";
				WRAPPER_EXTENSION = app;
			};
			name = Release;
		};
		0400F34018B4ED4200E5FA6D /* Debug */ = {
			isa = XCBuildConfiguration;
			buildSettings = {
				ARCHS = "$(ARCHS_STANDARD_INCLUDING_64_BIT)";
				BUNDLE_LOADER = "$(BUILT_PRODUCTS_DIR)/Pixel Bikers.app/Pixel Bikers";
				FRAMEWORK_SEARCH_PATHS = (
					"$(SDKROOT)/Developer/Library/Frameworks",
					"$(inherited)",
					"$(DEVELOPER_FRAMEWORKS_DIR)",
				);
				GCC_PRECOMPILE_PREFIX_HEADER = YES;
				GCC_PREFIX_HEADER = "Pixel Bikers/Pixel Bikers-Prefix.pch";
				GCC_PREPROCESSOR_DEFINITIONS = (
					"DEBUG=1",
					"$(inherited)",
				);
				INFOPLIST_FILE = "Pixel BikersTests/Pixel BikersTests-Info.plist";
				PRODUCT_NAME = "$(TARGET_NAME)";
				TEST_HOST = "$(BUNDLE_LOADER)";
				WRAPPER_EXTENSION = xctest;
			};
			name = Debug;
		};
		0400F34118B4ED4200E5FA6D /* Release */ = {
			isa = XCBuildConfiguration;
			buildSettings = {
				ARCHS = "$(ARCHS_STANDARD_INCLUDING_64_BIT)";
				BUNDLE_LOADER = "$(BUILT_PRODUCTS_DIR)/Pixel Bikers.app/Pixel Bikers";
				FRAMEWORK_SEARCH_PATHS = (
					"$(SDKROOT)/Developer/Library/Frameworks",
					"$(inherited)",
					"$(DEVELOPER_FRAMEWORKS_DIR)",
				);
				GCC_PRECOMPILE_PREFIX_HEADER = YES;
				GCC_PREFIX_HEADER = "Pixel Bikers/Pixel Bikers-Prefix.pch";
				INFOPLIST_FILE = "Pixel BikersTests/Pixel BikersTests-Info.plist";
				PRODUCT_NAME = "$(TARGET_NAME)";
				TEST_HOST = "$(BUNDLE_LOADER)";
				WRAPPER_EXTENSION = xctest;
			};
			name = Release;
		};
/* End XCBuildConfiguration section */

/* Begin XCConfigurationList section */
		0400F30518B4ED4200E5FA6D /* Build configuration list for PBXProject "Pixel Bikers" */ = {
			isa = XCConfigurationList;
			buildConfigurations = (
				0400F33A18B4ED4200E5FA6D /* Debug */,
				0400F33B18B4ED4200E5FA6D /* Release */,
			);
			defaultConfigurationIsVisible = 0;
			defaultConfigurationName = Release;
		};
		0400F33C18B4ED4200E5FA6D /* Build configuration list for PBXNativeTarget "Pixel Bikers" */ = {
			isa = XCConfigurationList;
			buildConfigurations = (
				0400F33D18B4ED4200E5FA6D /* Debug */,
				0400F33E18B4ED4200E5FA6D /* Release */,
			);
			defaultConfigurationIsVisible = 0;
			defaultConfigurationName = Release;
		};
		0400F33F18B4ED4200E5FA6D /* Build configuration list for PBXNativeTarget "Pixel BikersTests" */ = {
			isa = XCConfigurationList;
			buildConfigurations = (
				0400F34018B4ED4200E5FA6D /* Debug */,
				0400F34118B4ED4200E5FA6D /* Release */,
			);
			defaultConfigurationIsVisible = 0;
			defaultConfigurationName = Release;
		};
/* End XCConfigurationList section */
	};
	rootObject = 0400F30218B4ED4200E5FA6D /* Project object */;
}
